// !$*UTF8*$!
{
	archiveVersion = 1;
	classes = {
	};
	objectVersion = 56;
	objects = {

/* Begin PBXBuildFile section */
		5E5296EF2BF7506100CBDF94 /* survey.swift in Sources */ = {isa = PBXBuildFile; fileRef = 5E5296EE2BF7506100CBDF94 /* survey.swift */; };
		5E5296F12BF7516700CBDF94 /* allSet.swift in Sources */ = {isa = PBXBuildFile; fileRef = 5E5296F02BF7516700CBDF94 /* allSet.swift */; };
		5E5296F32BF79D2700CBDF94 /* stocks.swift in Sources */ = {isa = PBXBuildFile; fileRef = 5E5296F22BF79D2700CBDF94 /* stocks.swift */; };
		5E9E3F5C2BF69F6F00A3F685 /* SheMoneyApp.swift in Sources */ = {isa = PBXBuildFile; fileRef = 5E9E3F5B2BF69F6F00A3F685 /* SheMoneyApp.swift */; };
		5E9E3F5E2BF69F6F00A3F685 /* ContentView.swift in Sources */ = {isa = PBXBuildFile; fileRef = 5E9E3F5D2BF69F6F00A3F685 /* ContentView.swift */; };
		5E9E3F602BF69F7100A3F685 /* Assets.xcassets in Resources */ = {isa = PBXBuildFile; fileRef = 5E9E3F5F2BF69F7100A3F685 /* Assets.xcassets */; };
		5E9E3F632BF69F7100A3F685 /* Preview Assets.xcassets in Resources */ = {isa = PBXBuildFile; fileRef = 5E9E3F622BF69F7100A3F685 /* Preview Assets.xcassets */; };
		5E9E3F6D2BF69F7100A3F685 /* SheMoneyTests.swift in Sources */ = {isa = PBXBuildFile; fileRef = 5E9E3F6C2BF69F7100A3F685 /* SheMoneyTests.swift */; };
		5E9E3F772BF69F7100A3F685 /* SheMoneyUITests.swift in Sources */ = {isa = PBXBuildFile; fileRef = 5E9E3F762BF69F7100A3F685 /* SheMoneyUITests.swift */; };
		5E9E3F792BF69F7100A3F685 /* SheMoneyUITestsLaunchTests.swift in Sources */ = {isa = PBXBuildFile; fileRef = 5E9E3F782BF69F7100A3F685 /* SheMoneyUITestsLaunchTests.swift */; };
		5E9E3F862BF69F9500A3F685 /* SalaryViewModel.swift in Sources */ = {isa = PBXBuildFile; fileRef = 5E9E3F852BF69F9500A3F685 /* SalaryViewModel.swift */; };
		5EAF27FB2BF716CE005F6E2F /* quiz.swift in Sources */ = {isa = PBXBuildFile; fileRef = 5EAF27FA2BF716CE005F6E2F /* quiz.swift */; };
		5EAF27FD2BF7201C005F6E2F /* retirement.swift in Sources */ = {isa = PBXBuildFile; fileRef = 5EAF27FC2BF7201C005F6E2F /* retirement.swift */; };
		5EAF27FF2BF72482005F6E2F /* genderPay.swift in Sources */ = {isa = PBXBuildFile; fileRef = 5EAF27FE2BF72482005F6E2F /* genderPay.swift */; };
		5EAF28012BF72624005F6E2F /* FinancialResources.swift in Sources */ = {isa = PBXBuildFile; fileRef = 5EAF28002BF72624005F6E2F /* FinancialResources.swift */; };
		5EAF28032BF72E24005F6E2F /* chatDetail.swift in Sources */ = {isa = PBXBuildFile; fileRef = 5EAF28022BF72E24005F6E2F /* chatDetail.swift */; };
		5EAF28052BF738BA005F6E2F /* loginPage.swift in Sources */ = {isa = PBXBuildFile; fileRef = 5EAF28042BF738BA005F6E2F /* loginPage.swift */; };
		5EAF28072BF73B2E005F6E2F /* savings.swift in Sources */ = {isa = PBXBuildFile; fileRef = 5EAF28062BF73B2E005F6E2F /* savings.swift */; };
		5EAF28092BF745AB005F6E2F /* shop.swift in Sources */ = {isa = PBXBuildFile; fileRef = 5EAF28082BF745AB005F6E2F /* shop.swift */; };
/* End PBXBuildFile section */

/* Begin PBXContainerItemProxy section */
		5E9E3F692BF69F7100A3F685 /* PBXContainerItemProxy */ = {
			isa = PBXContainerItemProxy;
			containerPortal = 5E9E3F502BF69F6F00A3F685 /* Project object */;
			proxyType = 1;
			remoteGlobalIDString = 5E9E3F572BF69F6F00A3F685;
			remoteInfo = SheMoney;
		};
		5E9E3F732BF69F7100A3F685 /* PBXContainerItemProxy */ = {
			isa = PBXContainerItemProxy;
			containerPortal = 5E9E3F502BF69F6F00A3F685 /* Project object */;
			proxyType = 1;
			remoteGlobalIDString = 5E9E3F572BF69F6F00A3F685;
			remoteInfo = SheMoney;
		};
/* End PBXContainerItemProxy section */

/* Begin PBXFileReference section */
		5E5296EE2BF7506100CBDF94 /* survey.swift */ = {isa = PBXFileReference; lastKnownFileType = sourcecode.swift; path = survey.swift; sourceTree = "<group>"; };
		5E5296F02BF7516700CBDF94 /* allSet.swift */ = {isa = PBXFileReference; lastKnownFileType = sourcecode.swift; path = allSet.swift; sourceTree = "<group>"; };
		5E5296F22BF79D2700CBDF94 /* stocks.swift */ = {isa = PBXFileReference; lastKnownFileType = sourcecode.swift; path = stocks.swift; sourceTree = "<group>"; };
		5E9E3F582BF69F6F00A3F685 /* SheMoney.app */ = {isa = PBXFileReference; explicitFileType = wrapper.application; includeInIndex = 0; path = SheMoney.app; sourceTree = BUILT_PRODUCTS_DIR; };
		5E9E3F5B2BF69F6F00A3F685 /* SheMoneyApp.swift */ = {isa = PBXFileReference; lastKnownFileType = sourcecode.swift; path = SheMoneyApp.swift; sourceTree = "<group>"; };
		5E9E3F5D2BF69F6F00A3F685 /* ContentView.swift */ = {isa = PBXFileReference; lastKnownFileType = sourcecode.swift; path = ContentView.swift; sourceTree = "<group>"; };
		5E9E3F5F2BF69F7100A3F685 /* Assets.xcassets */ = {isa = PBXFileReference; lastKnownFileType = folder.assetcatalog; path = Assets.xcassets; sourceTree = "<group>"; };
		5E9E3F622BF69F7100A3F685 /* Preview Assets.xcassets */ = {isa = PBXFileReference; lastKnownFileType = folder.assetcatalog; path = "Preview Assets.xcassets"; sourceTree = "<group>"; };
		5E9E3F682BF69F7100A3F685 /* SheMoneyTests.xctest */ = {isa = PBXFileReference; explicitFileType = wrapper.cfbundle; includeInIndex = 0; path = SheMoneyTests.xctest; sourceTree = BUILT_PRODUCTS_DIR; };
		5E9E3F6C2BF69F7100A3F685 /* SheMoneyTests.swift */ = {isa = PBXFileReference; lastKnownFileType = sourcecode.swift; path = SheMoneyTests.swift; sourceTree = "<group>"; };
		5E9E3F722BF69F7100A3F685 /* SheMoneyUITests.xctest */ = {isa = PBXFileReference; explicitFileType = wrapper.cfbundle; includeInIndex = 0; path = SheMoneyUITests.xctest; sourceTree = BUILT_PRODUCTS_DIR; };
		5E9E3F762BF69F7100A3F685 /* SheMoneyUITests.swift */ = {isa = PBXFileReference; lastKnownFileType = sourcecode.swift; path = SheMoneyUITests.swift; sourceTree = "<group>"; };
		5E9E3F782BF69F7100A3F685 /* SheMoneyUITestsLaunchTests.swift */ = {isa = PBXFileReference; lastKnownFileType = sourcecode.swift; path = SheMoneyUITestsLaunchTests.swift; sourceTree = "<group>"; };
		5E9E3F852BF69F9500A3F685 /* SalaryViewModel.swift */ = {isa = PBXFileReference; lastKnownFileType = sourcecode.swift; path = SalaryViewModel.swift; sourceTree = "<group>"; };
		5EAF27FA2BF716CE005F6E2F /* quiz.swift */ = {isa = PBXFileReference; lastKnownFileType = sourcecode.swift; path = quiz.swift; sourceTree = "<group>"; };
		5EAF27FC2BF7201C005F6E2F /* retirement.swift */ = {isa = PBXFileReference; lastKnownFileType = sourcecode.swift; path = retirement.swift; sourceTree = "<group>"; };
		5EAF27FE2BF72482005F6E2F /* genderPay.swift */ = {isa = PBXFileReference; lastKnownFileType = sourcecode.swift; path = genderPay.swift; sourceTree = "<group>"; };
		5EAF28002BF72624005F6E2F /* FinancialResources.swift */ = {isa = PBXFileReference; lastKnownFileType = sourcecode.swift; path = FinancialResources.swift; sourceTree = "<group>"; };
		5EAF28022BF72E24005F6E2F /* chatDetail.swift */ = {isa = PBXFileReference; lastKnownFileType = sourcecode.swift; path = chatDetail.swift; sourceTree = "<group>"; };
		5EAF28042BF738BA005F6E2F /* loginPage.swift */ = {isa = PBXFileReference; lastKnownFileType = sourcecode.swift; path = loginPage.swift; sourceTree = "<group>"; };
		5EAF28062BF73B2E005F6E2F /* savings.swift */ = {isa = PBXFileReference; lastKnownFileType = sourcecode.swift; path = savings.swift; sourceTree = "<group>"; };
		5EAF28082BF745AB005F6E2F /* shop.swift */ = {isa = PBXFileReference; lastKnownFileType = sourcecode.swift; path = shop.swift; sourceTree = "<group>"; };
/* End PBXFileReference section */

/* Begin PBXFrameworksBuildPhase section */
		5E9E3F552BF69F6F00A3F685 /* Frameworks */ = {
			isa = PBXFrameworksBuildPhase;
			buildActionMask = 2147483647;
			files = (
			);
			runOnlyForDeploymentPostprocessing = 0;
		};
		5E9E3F652BF69F7100A3F685 /* Frameworks */ = {
			isa = PBXFrameworksBuildPhase;
			buildActionMask = 2147483647;
			files = (
			);
			runOnlyForDeploymentPostprocessing = 0;
		};
		5E9E3F6F2BF69F7100A3F685 /* Frameworks */ = {
			isa = PBXFrameworksBuildPhase;
			buildActionMask = 2147483647;
			files = (
			);
			runOnlyForDeploymentPostprocessing = 0;
		};
/* End PBXFrameworksBuildPhase section */

/* Begin PBXGroup section */
		5E9E3F4F2BF69F6F00A3F685 = {
			isa = PBXGroup;
			children = (
				5E9E3F5A2BF69F6F00A3F685 /* SheMoney */,
				5E9E3F6B2BF69F7100A3F685 /* SheMoneyTests */,
				5E9E3F752BF69F7100A3F685 /* SheMoneyUITests */,
				5E9E3F592BF69F6F00A3F685 /* Products */,
			);
			sourceTree = "<group>";
		};
		5E9E3F592BF69F6F00A3F685 /* Products */ = {
			isa = PBXGroup;
			children = (
				5E9E3F582BF69F6F00A3F685 /* SheMoney.app */,
				5E9E3F682BF69F7100A3F685 /* SheMoneyTests.xctest */,
				5E9E3F722BF69F7100A3F685 /* SheMoneyUITests.xctest */,
			);
			name = Products;
			sourceTree = "<group>";
		};
		5E9E3F5A2BF69F6F00A3F685 /* SheMoney */ = {
			isa = PBXGroup;
			children = (
				5E9E3F5B2BF69F6F00A3F685 /* SheMoneyApp.swift */,
				5E9E3F5D2BF69F6F00A3F685 /* ContentView.swift */,
				5E9E3F5F2BF69F7100A3F685 /* Assets.xcassets */,
				5E9E3F612BF69F7100A3F685 /* Preview Content */,
				5E9E3F852BF69F9500A3F685 /* SalaryViewModel.swift */,
				5EAF27FA2BF716CE005F6E2F /* quiz.swift */,
				5EAF27FC2BF7201C005F6E2F /* retirement.swift */,
				5EAF27FE2BF72482005F6E2F /* genderPay.swift */,
				5EAF28002BF72624005F6E2F /* FinancialResources.swift */,
				5EAF28022BF72E24005F6E2F /* chatDetail.swift */,
				5EAF28042BF738BA005F6E2F /* loginPage.swift */,
				5EAF28062BF73B2E005F6E2F /* savings.swift */,
				5EAF28082BF745AB005F6E2F /* shop.swift */,
				5E5296EE2BF7506100CBDF94 /* survey.swift */,
				5E5296F02BF7516700CBDF94 /* allSet.swift */,
				5E5296F22BF79D2700CBDF94 /* stocks.swift */,
			);
			path = SheMoney;
			sourceTree = "<group>";
		};
		5E9E3F612BF69F7100A3F685 /* Preview Content */ = {
			isa = PBXGroup;
			children = (
				5E9E3F622BF69F7100A3F685 /* Preview Assets.xcassets */,
			);
			path = "Preview Content";
			sourceTree = "<group>";
		};
		5E9E3F6B2BF69F7100A3F685 /* SheMoneyTests */ = {
			isa = PBXGroup;
			children = (
				5E9E3F6C2BF69F7100A3F685 /* SheMoneyTests.swift */,
			);
			path = SheMoneyTests;
			sourceTree = "<group>";
		};
		5E9E3F752BF69F7100A3F685 /* SheMoneyUITests */ = {
			isa = PBXGroup;
			children = (
				5E9E3F762BF69F7100A3F685 /* SheMoneyUITests.swift */,
				5E9E3F782BF69F7100A3F685 /* SheMoneyUITestsLaunchTests.swift */,
			);
			path = SheMoneyUITests;
			sourceTree = "<group>";
		};
/* End PBXGroup section */

/* Begin PBXNativeTarget section */
		5E9E3F572BF69F6F00A3F685 /* SheMoney */ = {
			isa = PBXNativeTarget;
			buildConfigurationList = 5E9E3F7C2BF69F7100A3F685 /* Build configuration list for PBXNativeTarget "SheMoney" */;
			buildPhases = (
				5E9E3F542BF69F6F00A3F685 /* Sources */,
				5E9E3F552BF69F6F00A3F685 /* Frameworks */,
				5E9E3F562BF69F6F00A3F685 /* Resources */,
			);
			buildRules = (
			);
			dependencies = (
			);
			name = SheMoney;
			productName = SheMoney;
			productReference = 5E9E3F582BF69F6F00A3F685 /* SheMoney.app */;
			productType = "com.apple.product-type.application";
		};
		5E9E3F672BF69F7100A3F685 /* SheMoneyTests */ = {
			isa = PBXNativeTarget;
			buildConfigurationList = 5E9E3F7F2BF69F7100A3F685 /* Build configuration list for PBXNativeTarget "SheMoneyTests" */;
			buildPhases = (
				5E9E3F642BF69F7100A3F685 /* Sources */,
				5E9E3F652BF69F7100A3F685 /* Frameworks */,
				5E9E3F662BF69F7100A3F685 /* Resources */,
			);
			buildRules = (
			);
			dependencies = (
				5E9E3F6A2BF69F7100A3F685 /* PBXTargetDependency */,
			);
			name = SheMoneyTests;
			productName = SheMoneyTests;
			productReference = 5E9E3F682BF69F7100A3F685 /* SheMoneyTests.xctest */;
			productType = "com.apple.product-type.bundle.unit-test";
		};
		5E9E3F712BF69F7100A3F685 /* SheMoneyUITests */ = {
			isa = PBXNativeTarget;
			buildConfigurationList = 5E9E3F822BF69F7100A3F685 /* Build configuration list for PBXNativeTarget "SheMoneyUITests" */;
			buildPhases = (
				5E9E3F6E2BF69F7100A3F685 /* Sources */,
				5E9E3F6F2BF69F7100A3F685 /* Frameworks */,
				5E9E3F702BF69F7100A3F685 /* Resources */,
			);
			buildRules = (
			);
			dependencies = (
				5E9E3F742BF69F7100A3F685 /* PBXTargetDependency */,
			);
			name = SheMoneyUITests;
			productName = SheMoneyUITests;
			productReference = 5E9E3F722BF69F7100A3F685 /* SheMoneyUITests.xctest */;
			productType = "com.apple.product-type.bundle.ui-testing";
		};
/* End PBXNativeTarget section */

/* Begin PBXProject section */
		5E9E3F502BF69F6F00A3F685 /* Project object */ = {
			isa = PBXProject;
			attributes = {
				BuildIndependentTargetsInParallel = 1;
				LastSwiftUpdateCheck = 1530;
				LastUpgradeCheck = 1530;
				TargetAttributes = {
					5E9E3F572BF69F6F00A3F685 = {
						CreatedOnToolsVersion = 15.3;
					};
					5E9E3F672BF69F7100A3F685 = {
						CreatedOnToolsVersion = 15.3;
						TestTargetID = 5E9E3F572BF69F6F00A3F685;
					};
					5E9E3F712BF69F7100A3F685 = {
						CreatedOnToolsVersion = 15.3;
						TestTargetID = 5E9E3F572BF69F6F00A3F685;
					};
				};
			};
			buildConfigurationList = 5E9E3F532BF69F6F00A3F685 /* Build configuration list for PBXProject "SheMoney" */;
			compatibilityVersion = "Xcode 14.0";
			developmentRegion = en;
			hasScannedForEncodings = 0;
			knownRegions = (
				en,
				Base,
			);
			mainGroup = 5E9E3F4F2BF69F6F00A3F685;
			productRefGroup = 5E9E3F592BF69F6F00A3F685 /* Products */;
			projectDirPath = "";
			projectRoot = "";
			targets = (
				5E9E3F572BF69F6F00A3F685 /* SheMoney */,
				5E9E3F672BF69F7100A3F685 /* SheMoneyTests */,
				5E9E3F712BF69F7100A3F685 /* SheMoneyUITests */,
			);
		};
/* End PBXProject section */

/* Begin PBXResourcesBuildPhase section */
		5E9E3F562BF69F6F00A3F685 /* Resources */ = {
			isa = PBXResourcesBuildPhase;
			buildActionMask = 2147483647;
			files = (
				5E9E3F632BF69F7100A3F685 /* Preview Assets.xcassets in Resources */,
				5E9E3F602BF69F7100A3F685 /* Assets.xcassets in Resources */,
			);
			runOnlyForDeploymentPostprocessing = 0;
		};
		5E9E3F662BF69F7100A3F685 /* Resources */ = {
			isa = PBXResourcesBuildPhase;
			buildActionMask = 2147483647;
			files = (
			);
			runOnlyForDeploymentPostprocessing = 0;
		};
		5E9E3F702BF69F7100A3F685 /* Resources */ = {
			isa = PBXResourcesBuildPhase;
			buildActionMask = 2147483647;
			files = (
			);
			runOnlyForDeploymentPostprocessing = 0;
		};
/* End PBXResourcesBuildPhase section */

/* Begin PBXSourcesBuildPhase section */
		5E9E3F542BF69F6F00A3F685 /* Sources */ = {
			isa = PBXSourcesBuildPhase;
			buildActionMask = 2147483647;
			files = (
				5E9E3F5E2BF69F6F00A3F685 /* ContentView.swift in Sources */,
				5E5296EF2BF7506100CBDF94 /* survey.swift in Sources */,
				5E9E3F5C2BF69F6F00A3F685 /* SheMoneyApp.swift in Sources */,
				5EAF28092BF745AB005F6E2F /* shop.swift in Sources */,
				5EAF28052BF738BA005F6E2F /* loginPage.swift in Sources */,
				5EAF27FB2BF716CE005F6E2F /* quiz.swift in Sources */,
				5EAF28012BF72624005F6E2F /* FinancialResources.swift in Sources */,
				5E5296F12BF7516700CBDF94 /* allSet.swift in Sources */,
				5E9E3F862BF69F9500A3F685 /* SalaryViewModel.swift in Sources */,
				5EAF27FD2BF7201C005F6E2F /* retirement.swift in Sources */,
				5E5296F32BF79D2700CBDF94 /* stocks.swift in Sources */,
				5EAF28032BF72E24005F6E2F /* chatDetail.swift in Sources */,
				5EAF27FF2BF72482005F6E2F /* genderPay.swift in Sources */,
				5EAF28072BF73B2E005F6E2F /* savings.swift in Sources */,
			);
			runOnlyForDeploymentPostprocessing = 0;
		};
		5E9E3F642BF69F7100A3F685 /* Sources */ = {
			isa = PBXSourcesBuildPhase;
			buildActionMask = 2147483647;
			files = (
				5E9E3F6D2BF69F7100A3F685 /* SheMoneyTests.swift in Sources */,
			);
			runOnlyForDeploymentPostprocessing = 0;
		};
		5E9E3F6E2BF69F7100A3F685 /* Sources */ = {
			isa = PBXSourcesBuildPhase;
			buildActionMask = 2147483647;
			files = (
				5E9E3F792BF69F7100A3F685 /* SheMoneyUITestsLaunchTests.swift in Sources */,
				5E9E3F772BF69F7100A3F685 /* SheMoneyUITests.swift in Sources */,
			);
			runOnlyForDeploymentPostprocessing = 0;
		};
/* End PBXSourcesBuildPhase section */

/* Begin PBXTargetDependency section */
		5E9E3F6A2BF69F7100A3F685 /* PBXTargetDependency */ = {
			isa = PBXTargetDependency;
			target = 5E9E3F572BF69F6F00A3F685 /* SheMoney */;
			targetProxy = 5E9E3F692BF69F7100A3F685 /* PBXContainerItemProxy */;
		};
		5E9E3F742BF69F7100A3F685 /* PBXTargetDependency */ = {
			isa = PBXTargetDependency;
			target = 5E9E3F572BF69F6F00A3F685 /* SheMoney */;
			targetProxy = 5E9E3F732BF69F7100A3F685 /* PBXContainerItemProxy */;
		};
/* End PBXTargetDependency section */

/* Begin XCBuildConfiguration section */
		5E9E3F7A2BF69F7100A3F685 /* Debug */ = {
			isa = XCBuildConfiguration;
			buildSettings = {
				ALWAYS_SEARCH_USER_PATHS = NO;
				ASSETCATALOG_COMPILER_GENERATE_SWIFT_ASSET_SYMBOL_EXTENSIONS = YES;
				CLANG_ANALYZER_NONNULL = YES;
				CLANG_ANALYZER_NUMBER_OBJECT_CONVERSION = YES_AGGRESSIVE;
				CLANG_CXX_LANGUAGE_STANDARD = "gnu++20";
				CLANG_ENABLE_MODULES = YES;
				CLANG_ENABLE_OBJC_ARC = YES;
				CLANG_ENABLE_OBJC_WEAK = YES;
				CLANG_WARN_BLOCK_CAPTURE_AUTORELEASING = YES;
				CLANG_WARN_BOOL_CONVERSION = YES;
				CLANG_WARN_COMMA = YES;
				CLANG_WARN_CONSTANT_CONVERSION = YES;
				CLANG_WARN_DEPRECATED_OBJC_IMPLEMENTATIONS = YES;
				CLANG_WARN_DIRECT_OBJC_ISA_USAGE = YES_ERROR;
				CLANG_WARN_DOCUMENTATION_COMMENTS = YES;
				CLANG_WARN_EMPTY_BODY = YES;
				CLANG_WARN_ENUM_CONVERSION = YES;
				CLANG_WARN_INFINITE_RECURSION = YES;
				CLANG_WARN_INT_CONVERSION = YES;
				CLANG_WARN_NON_LITERAL_NULL_CONVERSION = YES;
				CLANG_WARN_OBJC_IMPLICIT_RETAIN_SELF = YES;
				CLANG_WARN_OBJC_LITERAL_CONVERSION = YES;
				CLANG_WARN_OBJC_ROOT_CLASS = YES_ERROR;
				CLANG_WARN_QUOTED_INCLUDE_IN_FRAMEWORK_HEADER = YES;
				CLANG_WARN_RANGE_LOOP_ANALYSIS = YES;
				CLANG_WARN_STRICT_PROTOTYPES = YES;
				CLANG_WARN_SUSPICIOUS_MOVE = YES;
				CLANG_WARN_UNGUARDED_AVAILABILITY = YES_AGGRESSIVE;
				CLANG_WARN_UNREACHABLE_CODE = YES;
				CLANG_WARN__DUPLICATE_METHOD_MATCH = YES;
				COPY_PHASE_STRIP = NO;
				DEBUG_INFORMATION_FORMAT = dwarf;
				ENABLE_STRICT_OBJC_MSGSEND = YES;
				ENABLE_TESTABILITY = YES;
				ENABLE_USER_SCRIPT_SANDBOXING = YES;
				GCC_C_LANGUAGE_STANDARD = gnu17;
				GCC_DYNAMIC_NO_PIC = NO;
				GCC_NO_COMMON_BLOCKS = YES;
				GCC_OPTIMIZATION_LEVEL = 0;
				GCC_PREPROCESSOR_DEFINITIONS = (
					"DEBUG=1",
					"$(inherited)",
				);
				GCC_WARN_64_TO_32_BIT_CONVERSION = YES;
				GCC_WARN_ABOUT_RETURN_TYPE = YES_ERROR;
				GCC_WARN_UNDECLARED_SELECTOR = YES;
				GCC_WARN_UNINITIALIZED_AUTOS = YES_AGGRESSIVE;
				GCC_WARN_UNUSED_FUNCTION = YES;
				GCC_WARN_UNUSED_VARIABLE = YES;
				IPHONEOS_DEPLOYMENT_TARGET = 17.4;
				LOCALIZATION_PREFERS_STRING_CATALOGS = YES;
				MTL_ENABLE_DEBUG_INFO = INCLUDE_SOURCE;
				MTL_FAST_MATH = YES;
				ONLY_ACTIVE_ARCH = YES;
				SDKROOT = iphoneos;
				SWIFT_ACTIVE_COMPILATION_CONDITIONS = "DEBUG $(inherited)";
				SWIFT_OPTIMIZATION_LEVEL = "-Onone";
			};
			name = Debug;
		};
		5E9E3F7B2BF69F7100A3F685 /* Release */ = {
			isa = XCBuildConfiguration;
			buildSettings = {
				ALWAYS_SEARCH_USER_PATHS = NO;
				ASSETCATALOG_COMPILER_GENERATE_SWIFT_ASSET_SYMBOL_EXTENSIONS = YES;
				CLANG_ANALYZER_NONNULL = YES;
				CLANG_ANALYZER_NUMBER_OBJECT_CONVERSION = YES_AGGRESSIVE;
				CLANG_CXX_LANGUAGE_STANDARD = "gnu++20";
				CLANG_ENABLE_MODULES = YES;
				CLANG_ENABLE_OBJC_ARC = YES;
				CLANG_ENABLE_OBJC_WEAK = YES;
				CLANG_WARN_BLOCK_CAPTURE_AUTORELEASING = YES;
				CLANG_WARN_BOOL_CONVERSION = YES;
				CLANG_WARN_COMMA = YES;
				CLANG_WARN_CONSTANT_CONVERSION = YES;
				CLANG_WARN_DEPRECATED_OBJC_IMPLEMENTATIONS = YES;
				CLANG_WARN_DIRECT_OBJC_ISA_USAGE = YES_ERROR;
				CLANG_WARN_DOCUMENTATION_COMMENTS = YES;
				CLANG_WARN_EMPTY_BODY = YES;
				CLANG_WARN_ENUM_CONVERSION = YES;
				CLANG_WARN_INFINITE_RECURSION = YES;
				CLANG_WARN_INT_CONVERSION = YES;
				CLANG_WARN_NON_LITERAL_NULL_CONVERSION = YES;
				CLANG_WARN_OBJC_IMPLICIT_RETAIN_SELF = YES;
				CLANG_WARN_OBJC_LITERAL_CONVERSION = YES;
				CLANG_WARN_OBJC_ROOT_CLASS = YES_ERROR;
				CLANG_WARN_QUOTED_INCLUDE_IN_FRAMEWORK_HEADER = YES;
				CLANG_WARN_RANGE_LOOP_ANALYSIS = YES;
				CLANG_WARN_STRICT_PROTOTYPES = YES;
				CLANG_WARN_SUSPICIOUS_MOVE = YES;
				CLANG_WARN_UNGUARDED_AVAILABILITY = YES_AGGRESSIVE;
				CLANG_WARN_UNREACHABLE_CODE = YES;
				CLANG_WARN__DUPLICATE_METHOD_MATCH = YES;
				COPY_PHASE_STRIP = NO;
				DEBUG_INFORMATION_FORMAT = "dwarf-with-dsym";
				ENABLE_NS_ASSERTIONS = NO;
				ENABLE_STRICT_OBJC_MSGSEND = YES;
				ENABLE_USER_SCRIPT_SANDBOXING = YES;
				GCC_C_LANGUAGE_STANDARD = gnu17;
				GCC_NO_COMMON_BLOCKS = YES;
				GCC_WARN_64_TO_32_BIT_CONVERSION = YES;
				GCC_WARN_ABOUT_RETURN_TYPE = YES_ERROR;
				GCC_WARN_UNDECLARED_SELECTOR = YES;
				GCC_WARN_UNINITIALIZED_AUTOS = YES_AGGRESSIVE;
				GCC_WARN_UNUSED_FUNCTION = YES;
				GCC_WARN_UNUSED_VARIABLE = YES;
				IPHONEOS_DEPLOYMENT_TARGET = 17.4;
				LOCALIZATION_PREFERS_STRING_CATALOGS = YES;
				MTL_ENABLE_DEBUG_INFO = NO;
				MTL_FAST_MATH = YES;
				SDKROOT = iphoneos;
				SWIFT_COMPILATION_MODE = wholemodule;
				VALIDATE_PRODUCT = YES;
			};
			name = Release;
		};
		5E9E3F7D2BF69F7100A3F685 /* Debug */ = {
			isa = XCBuildConfiguration;
			buildSettings = {
				ASSETCATALOG_COMPILER_APPICON_NAME = AppIcon;
				ASSETCATALOG_COMPILER_GLOBAL_ACCENT_COLOR_NAME = AccentColor;
				CODE_SIGN_STYLE = Automatic;
				CURRENT_PROJECT_VERSION = 1;
				DEVELOPMENT_ASSET_PATHS = "\"SheMoney/Preview Content\"";
				ENABLE_PREVIEWS = YES;
				GENERATE_INFOPLIST_FILE = YES;
				INFOPLIST_KEY_UIApplicationSceneManifest_Generation = YES;
				INFOPLIST_KEY_UIApplicationSupportsIndirectInputEvents = YES;
				INFOPLIST_KEY_UILaunchScreen_Generation = YES;
				INFOPLIST_KEY_UISupportedInterfaceOrientations_iPad = "UIInterfaceOrientationPortrait UIInterfaceOrientationPortraitUpsideDown UIInterfaceOrientationLandscapeLeft UIInterfaceOrientationLandscapeRight";
				INFOPLIST_KEY_UISupportedInterfaceOrientations_iPhone = "UIInterfaceOrientationPortrait UIInterfaceOrientationLandscapeLeft UIInterfaceOrientationLandscapeRight";
				LD_RUNPATH_SEARCH_PATHS = (
					"$(inherited)",
					"@executable_path/Frameworks",
				);
				MARKETING_VERSION = 1.0;
				PRODUCT_BUNDLE_IDENTIFIER = appdev.SheMoney;
				PRODUCT_NAME = "$(TARGET_NAME)";
				SWIFT_EMIT_LOC_STRINGS = YES;
				SWIFT_VERSION = 5.0;
				TARGETED_DEVICE_FAMILY = "1,2";
			};
			name = Debug;
		};
		5E9E3F7E2BF69F7100A3F685 /* Release */ = {
			isa = XCBuildConfiguration;
			buildSettings = {
				ASSETCATALOG_COMPILER_APPICON_NAME = AppIcon;
				ASSETCATALOG_COMPILER_GLOBAL_ACCENT_COLOR_NAME = AccentColor;
				CODE_SIGN_STYLE = Automatic;
				CURRENT_PROJECT_VERSION = 1;
				DEVELOPMENT_ASSET_PATHS = "\"SheMoney/Preview Content\"";
				ENABLE_PREVIEWS = YES;
				GENERATE_INFOPLIST_FILE = YES;
				INFOPLIST_KEY_UIApplicationSceneManifest_Generation = YES;
				INFOPLIST_KEY_UIApplicationSupportsIndirectInputEvents = YES;
				INFOPLIST_KEY_UILaunchScreen_Generation = YES;
				INFOPLIST_KEY_UISupportedInterfaceOrientations_iPad = "UIInterfaceOrientationPortrait UIInterfaceOrientationPortraitUpsideDown UIInterfaceOrientationLandscapeLeft UIInterfaceOrientationLandscapeRight";
				INFOPLIST_KEY_UISupportedInterfaceOrientations_iPhone = "UIInterfaceOrientationPortrait UIInterfaceOrientationLandscapeLeft UIInterfaceOrientationLandscapeRight";
				LD_RUNPATH_SEARCH_PATHS = (
					"$(inherited)",
					"@executable_path/Frameworks",
				);
				MARKETING_VERSION = 1.0;
				PRODUCT_BUNDLE_IDENTIFIER = appdev.SheMoney;
				PRODUCT_NAME = "$(TARGET_NAME)";
				SWIFT_EMIT_LOC_STRINGS = YES;
				SWIFT_VERSION = 5.0;
				TARGETED_DEVICE_FAMILY = "1,2";
			};
			name = Release;
		};
		5E9E3F802BF69F7100A3F685 /* Debug */ = {
			isa = XCBuildConfiguration;
			buildSettings = {
				ALWAYS_EMBED_SWIFT_STANDARD_LIBRARIES = YES;
				BUNDLE_LOADER = "$(TEST_HOST)";
				CODE_SIGN_STYLE = Automatic;
				CURRENT_PROJECT_VERSION = 1;
				GENERATE_INFOPLIST_FILE = YES;
				IPHONEOS_DEPLOYMENT_TARGET = 17.4;
				MARKETING_VERSION = 1.0;
				PRODUCT_BUNDLE_IDENTIFIER = appdev.SheMoneyTests;
				PRODUCT_NAME = "$(TARGET_NAME)";
				SWIFT_EMIT_LOC_STRINGS = NO;
				SWIFT_VERSION = 5.0;
				TARGETED_DEVICE_FAMILY = "1,2";
				TEST_HOST = "$(BUILT_PRODUCTS_DIR)/SheMoney.app/$(BUNDLE_EXECUTABLE_FOLDER_PATH)/SheMoney";
			};
			name = Debug;
		};
		5E9E3F812BF69F7100A3F685 /* Release */ = {
			isa = XCBuildConfiguration;
			buildSettings = {
				ALWAYS_EMBED_SWIFT_STANDARD_LIBRARIES = YES;
				BUNDLE_LOADER = "$(TEST_HOST)";
				CODE_SIGN_STYLE = Automatic;
				CURRENT_PROJECT_VERSION = 1;
				GENERATE_INFOPLIST_FILE = YES;
				IPHONEOS_DEPLOYMENT_TARGET = 17.4;
				MARKETING_VERSION = 1.0;
				PRODUCT_BUNDLE_IDENTIFIER = appdev.SheMoneyTests;
				PRODUCT_NAME = "$(TARGET_NAME)";
				SWIFT_EMIT_LOC_STRINGS = NO;
				SWIFT_VERSION = 5.0;
				TARGETED_DEVICE_FAMILY = "1,2";
				TEST_HOST = "$(BUILT_PRODUCTS_DIR)/SheMoney.app/$(BUNDLE_EXECUTABLE_FOLDER_PATH)/SheMoney";
			};
			name = Release;
		};
		5E9E3F832BF69F7100A3F685 /* Debug */ = {
			isa = XCBuildConfiguration;
			buildSettings = {
				ALWAYS_EMBED_SWIFT_STANDARD_LIBRARIES = YES;
				CODE_SIGN_STYLE = Automatic;
				CURRENT_PROJECT_VERSION = 1;
				GENERATE_INFOPLIST_FILE = YES;
				MARKETING_VERSION = 1.0;
				PRODUCT_BUNDLE_IDENTIFIER = appdev.SheMoneyUITests;
				PRODUCT_NAME = "$(TARGET_NAME)";
				SWIFT_EMIT_LOC_STRINGS = NO;
				SWIFT_VERSION = 5.0;
				TARGETED_DEVICE_FAMILY = "1,2";
				TEST_TARGET_NAME = SheMoney;
			};
			name = Debug;
		};
		5E9E3F842BF69F7100A3F685 /* Release */ = {
			isa = XCBuildConfiguration;
			buildSettings = {
				ALWAYS_EMBED_SWIFT_STANDARD_LIBRARIES = YES;
				CODE_SIGN_STYLE = Automatic;
				CURRENT_PROJECT_VERSION = 1;
				GENERATE_INFOPLIST_FILE = YES;
				MARKETING_VERSION = 1.0;
				PRODUCT_BUNDLE_IDENTIFIER = appdev.SheMoneyUITests;
				PRODUCT_NAME = "$(TARGET_NAME)";
				SWIFT_EMIT_LOC_STRINGS = NO;
				SWIFT_VERSION = 5.0;
				TARGETED_DEVICE_FAMILY = "1,2";
				TEST_TARGET_NAME = SheMoney;
			};
			name = Release;
		};
/* End XCBuildConfiguration section */

/* Begin XCConfigurationList section */
		5E9E3F532BF69F6F00A3F685 /* Build configuration list for PBXProject "SheMoney" */ = {
			isa = XCConfigurationList;
			buildConfigurations = (
				5E9E3F7A2BF69F7100A3F685 /* Debug */,
				5E9E3F7B2BF69F7100A3F685 /* Release */,
			);
			defaultConfigurationIsVisible = 0;
			defaultConfigurationName = Release;
		};
		5E9E3F7C2BF69F7100A3F685 /* Build configuration list for PBXNativeTarget "SheMoney" */ = {
			isa = XCConfigurationList;
			buildConfigurations = (
				5E9E3F7D2BF69F7100A3F685 /* Debug */,
				5E9E3F7E2BF69F7100A3F685 /* Release */,
			);
			defaultConfigurationIsVisible = 0;
			defaultConfigurationName = Release;
		};
		5E9E3F7F2BF69F7100A3F685 /* Build configuration list for PBXNativeTarget "SheMoneyTests" */ = {
			isa = XCConfigurationList;
			buildConfigurations = (
				5E9E3F802BF69F7100A3F685 /* Debug */,
				5E9E3F812BF69F7100A3F685 /* Release */,
			);
			defaultConfigurationIsVisible = 0;
			defaultConfigurationName = Release;
		};
		5E9E3F822BF69F7100A3F685 /* Build configuration list for PBXNativeTarget "SheMoneyUITests" */ = {
			isa = XCConfigurationList;
			buildConfigurations = (
				5E9E3F832BF69F7100A3F685 /* Debug */,
				5E9E3F842BF69F7100A3F685 /* Release */,
			);
			defaultConfigurationIsVisible = 0;
			defaultConfigurationName = Release;
		};
/* End XCConfigurationList section */
	};
	rootObject = 5E9E3F502BF69F6F00A3F685 /* Project object */;
}
